
Microsoft Visual Studio Solution File, Format Version 12.00
# Visual Studio Version 17
VisualStudioVersion = 17.8.34525.116
MinimumVisualStudioVersion = 10.0.40219.1
Project("{FAE04EC0-301F-11D3-BF4B-00C04F79EFBC}") = "Workaround", "Workaround\Workaround.csproj", "{F3987754-BE05-4202-8920-875EA4A75D19}"
EndProject
Project("{FAE04EC0-301F-11D3-BF4B-00C04F79EFBC}") = "Entities", "Entities\Entities.csproj", "{11258CDF-978A-429E-9A5C-EF6EA9AFE7CC}"
EndProject
Project("{FAE04EC0-301F-11D3-BF4B-00C04F79EFBC}") = "Business", "Business\Business.csproj", "{BCB673A5-A37C-4D81-A407-D08A3EA5188D}"
EndProject
Global
	GlobalSection(SolutionConfigurationPlatforms) = preSolution
		Debug|Any CPU = Debug|Any CPU
		Release|Any CPU = Release|Any CPU
	EndGlobalSection
	GlobalSection(ProjectConfigurationPlatforms) = postSolution
		{F3987754-BE05-4202-8920-875EA4A75D19}.Debug|Any CPU.ActiveCfg = Debug|Any CPU
		{F3987754-BE05-4202-8920-875EA4A75D19}.Debug|Any CPU.Build.0 = Debug|Any CPU
		{F3987754-BE05-4202-8920-875EA4A75D19}.Release|Any CPU.ActiveCfg = Release|Any CPU
		{F3987754-BE05-4202-8920-875EA4A75D19}.Release|Any CPU.Build.0 = Release|Any CPU
		{11258CDF-978A-429E-9A5C-EF6EA9AFE7CC}.Debug|Any CPU.ActiveCfg = Debug|Any CPU
		{11258CDF-978A-429E-9A5C-EF6EA9AFE7CC}.Debug|Any CPU.Build.0 = Debug|Any CPU
		{11258CDF-978A-429E-9A5C-EF6EA9AFE7CC}.Release|Any CPU.ActiveCfg = Release|Any CPU
		{11258CDF-978A-429E-9A5C-EF6EA9AFE7CC}.Release|Any CPU.Build.0 = Release|Any CPU
		{BCB673A5-A37C-4D81-A407-D08A3EA5188D}.Debug|Any CPU.ActiveCfg = Debug|Any CPU
		{BCB673A5-A37C-4D81-A407-D08A3EA5188D}.Debug|Any CPU.Build.0 = Debug|Any CPU
		{BCB673A5-A37C-4D81-A407-D08A3EA5188D}.Release|Any CPU.ActiveCfg = Release|Any CPU
		{BCB673A5-A37C-4D81-A407-D08A3EA5188D}.Release|Any CPU.Build.0 = Release|Any CPU
	EndGlobalSection
	GlobalSection(SolutionProperties) = preSolution
		HideSolutionNode = FALSE
	EndGlobalSection
	GlobalSection(ExtensibilityGlobals) = postSolution
		SolutionGuid = {968AD0C6-FAFA-4F14-9A39-E7A02199C5B5}
	EndGlobalSection
EndGlobal
